
Microsoft Visual Studio Solution File, Format Version 12.00
# Visual Studio Version 16
VisualStudioVersion = 16.0.31729.503
MinimumVisualStudioVersion = 10.0.40219.1
Project("{9A19103F-16F7-4668-BE54-9A1E7A4F7556}") = "Nevron.Nov.Examples.WinForm", "Nevron.Nov.Examples.WinForm.csproj", "{03BDA0F7-7EF5-430D-AEB8-B7DD8E7C5AE8}"
	ProjectSection(ProjectDependencies) = postProject
		{C2BE65C9-CD19-48A4-9E17-27B14C12B2EB} = {C2BE65C9-CD19-48A4-9E17-27B14C12B2EB}
	EndProjectSection
EndProject
Project("{9A19103F-16F7-4668-BE54-9A1E7A4F7556}") = "Nevron.Nov.Examples", "..\Core\Nevron.Nov.Examples.csproj", "{C2BE65C9-CD19-48A4-9E17-27B14C12B2EB}"
EndProject
Global
	GlobalSection(SolutionConfigurationPlatforms) = preSolution
		Debug|Any CPU = Debug|Any CPU
		Release|Any CPU = Release|Any CPU
	EndGlobalSection
	GlobalSection(ProjectConfigurationPlatforms) = postSolution
		{03BDA0F7-7EF5-430D-AEB8-B7DD8E7C5AE8}.Debug|Any CPU.ActiveCfg = Debug|Any CPU
		{03BDA0F7-7EF5-430D-AEB8-B7DD8E7C5AE8}.Debug|Any CPU.Build.0 = Debug|Any CPU
		{03BDA0F7-7EF5-430D-AEB8-B7DD8E7C5AE8}.Release|Any CPU.ActiveCfg = Release|Any CPU
		{03BDA0F7-7EF5-430D-AEB8-B7DD8E7C5AE8}.Release|Any CPU.Build.0 = Release|Any CPU
		{C2BE65C9-CD19-48A4-9E17-27B14C12B2EB}.Debug|Any CPU.ActiveCfg = Debug|Any CPU
		{C2BE65C9-CD19-48A4-9E17-27B14C12B2EB}.Debug|Any CPU.Build.0 = Debug|Any CPU
		{C2BE65C9-CD19-48A4-9E17-27B14C12B2EB}.Release|Any CPU.ActiveCfg = Release|Any CPU
		{C2BE65C9-CD19-48A4-9E17-27B14C12B2EB}.Release|Any CPU.Build.0 = Release|Any CPU
	EndGlobalSection
	GlobalSection(SolutionProperties) = preSolution
		HideSolutionNode = FALSE
	EndGlobalSection
	GlobalSection(ExtensibilityGlobals) = postSolution
		SolutionGuid = {5521954F-2CC1-4C74-8C50-8B1077562EAE}
	EndGlobalSection
EndGlobal
