
Microsoft Visual Studio Solution File, Format Version 12.00
# Visual Studio Version 17
VisualStudioVersion = 17.10.34928.147
MinimumVisualStudioVersion = 10.0.40219.1
Project("{9A19103F-16F7-4668-BE54-9A1E7A4F7556}") = "Nevron.Nov.Examples.WinForm.Net60", "Nevron.Nov.Examples.WinForm.Net60.csproj", "{45A32217-2D48-4852-8223-7F464476FB4F}"
EndProject
Global
	GlobalSection(SolutionConfigurationPlatforms) = preSolution
		Debug|Any CPU = Debug|Any CPU
		Release|Any CPU = Release|Any CPU
	EndGlobalSection
	GlobalSection(ProjectConfigurationPlatforms) = postSolution
		{45A32217-2D48-4852-8223-7F464476FB4F}.Debug|Any CPU.ActiveCfg = Debug|Any CPU
		{45A32217-2D48-4852-8223-7F464476FB4F}.Debug|Any CPU.Build.0 = Debug|Any CPU
		{45A32217-2D48-4852-8223-7F464476FB4F}.Release|Any CPU.ActiveCfg = Release|Any CPU
		{45A32217-2D48-4852-8223-7F464476FB4F}.Release|Any CPU.Build.0 = Release|Any CPU
	EndGlobalSection
	GlobalSection(SolutionProperties) = preSolution
		HideSolutionNode = FALSE
	EndGlobalSection
	GlobalSection(ExtensibilityGlobals) = postSolution
		SolutionGuid = {5F5E095A-9C80-4DAD-9FFD-C2AF4747B523}
	EndGlobalSection
EndGlobal
