
Microsoft Visual Studio Solution File, Format Version 12.00
# Visual Studio Version 17
VisualStudioVersion = 17.10.34928.147
MinimumVisualStudioVersion = 10.0.40219.1
Project("{9A19103F-16F7-4668-BE54-9A1E7A4F7556}") = "Nevron.Nov.Examples.WinForm.Net70", "Nevron.Nov.Examples.WinForm.Net70.csproj", "{0C37A14D-7080-4FC4-9571-C548A99693A6}"
EndProject
Global
	GlobalSection(SolutionConfigurationPlatforms) = preSolution
		Debug|Any CPU = Debug|Any CPU
		Release|Any CPU = Release|Any CPU
	EndGlobalSection
	GlobalSection(ProjectConfigurationPlatforms) = postSolution
		{0C37A14D-7080-4FC4-9571-C548A99693A6}.Debug|Any CPU.ActiveCfg = Debug|Any CPU
		{0C37A14D-7080-4FC4-9571-C548A99693A6}.Debug|Any CPU.Build.0 = Debug|Any CPU
		{0C37A14D-7080-4FC4-9571-C548A99693A6}.Release|Any CPU.ActiveCfg = Release|Any CPU
		{0C37A14D-7080-4FC4-9571-C548A99693A6}.Release|Any CPU.Build.0 = Release|Any CPU
	EndGlobalSection
	GlobalSection(SolutionProperties) = preSolution
		HideSolutionNode = FALSE
	EndGlobalSection
	GlobalSection(ExtensibilityGlobals) = postSolution
		SolutionGuid = {08A26647-2CD0-4518-BD45-37A5B21346A7}
	EndGlobalSection
EndGlobal
